
Microsoft Visual Studio Solution File, Format Version 10.00
# Visual Studio 2008
Project("{8BC9CEB8-8B4A-11D0-8D11-00A0C91BC942}") = "TimeZoneSet", "TimeZoneSet.vcproj", "{899F983F-F9BB-432D-8A83-4F719BB7B4D8}"
EndProject
Project("{8BC9CEB8-8B4A-11D0-8D11-00A0C91BC942}") = "DST_set", "..\DST_set\DST_set.vcproj", "{BAA65078-57F0-4D9D-97A3-3473CEC2D6EB}"
EndProject
Global
	GlobalSection(SolutionConfigurationPlatforms) = preSolution
		Debug|iCE-Premium (ARMV4I) = Debug|iCE-Premium (ARMV4I)
		Debug|Pocket PC 2003 (ARMV4) = Debug|Pocket PC 2003 (ARMV4)
		Debug|Smartphone 2003 (ARMV4) = Debug|Smartphone 2003 (ARMV4)
		Debug|STANDARDSDK_420 (ARMV4I) = Debug|STANDARDSDK_420 (ARMV4I)
		Debug|STANDARDSDK_500 (ARMV4I) = Debug|STANDARDSDK_500 (ARMV4I)
		Debug|Windows Mobile 5.0 Pocket PC SDK (ARMV4I) = Debug|Windows Mobile 5.0 Pocket PC SDK (ARMV4I)
		Debug|Windows Mobile 5.0 Smartphone SDK (ARMV4I) = Debug|Windows Mobile 5.0 Smartphone SDK (ARMV4I)
		Debug|Windows Mobile 6 Professional SDK (ARMV4I) = Debug|Windows Mobile 6 Professional SDK (ARMV4I)
		Debug|Windows Mobile 6 Standard SDK (ARMV4I) = Debug|Windows Mobile 6 Standard SDK (ARMV4I)
		Debug|Windows Mobile 6.5.3 Professional DTK (ARMV4I) = Debug|Windows Mobile 6.5.3 Professional DTK (ARMV4I)
		Release|iCE-Premium (ARMV4I) = Release|iCE-Premium (ARMV4I)
		Release|Pocket PC 2003 (ARMV4) = Release|Pocket PC 2003 (ARMV4)
		Release|Smartphone 2003 (ARMV4) = Release|Smartphone 2003 (ARMV4)
		Release|STANDARDSDK_420 (ARMV4I) = Release|STANDARDSDK_420 (ARMV4I)
		Release|STANDARDSDK_500 (ARMV4I) = Release|STANDARDSDK_500 (ARMV4I)
		Release|Windows Mobile 5.0 Pocket PC SDK (ARMV4I) = Release|Windows Mobile 5.0 Pocket PC SDK (ARMV4I)
		Release|Windows Mobile 5.0 Smartphone SDK (ARMV4I) = Release|Windows Mobile 5.0 Smartphone SDK (ARMV4I)
		Release|Windows Mobile 6 Professional SDK (ARMV4I) = Release|Windows Mobile 6 Professional SDK (ARMV4I)
		Release|Windows Mobile 6 Standard SDK (ARMV4I) = Release|Windows Mobile 6 Standard SDK (ARMV4I)
		Release|Windows Mobile 6.5.3 Professional DTK (ARMV4I) = Release|Windows Mobile 6.5.3 Professional DTK (ARMV4I)
	EndGlobalSection
	GlobalSection(ProjectConfigurationPlatforms) = postSolution
		{899F983F-F9BB-432D-8A83-4F719BB7B4D8}.Debug|iCE-Premium (ARMV4I).ActiveCfg = Debug|iCE-Premium (ARMV4I)
		{899F983F-F9BB-432D-8A83-4F719BB7B4D8}.Debug|iCE-Premium (ARMV4I).Build.0 = Debug|iCE-Premium (ARMV4I)
		{899F983F-F9BB-432D-8A83-4F719BB7B4D8}.Debug|iCE-Premium (ARMV4I).Deploy.0 = Debug|iCE-Premium (ARMV4I)
		{899F983F-F9BB-432D-8A83-4F719BB7B4D8}.Debug|Pocket PC 2003 (ARMV4).ActiveCfg = Debug|Pocket PC 2003 (ARMV4)
		{899F983F-F9BB-432D-8A83-4F719BB7B4D8}.Debug|Pocket PC 2003 (ARMV4).Build.0 = Debug|Pocket PC 2003 (ARMV4)
		{899F983F-F9BB-432D-8A83-4F719BB7B4D8}.Debug|Pocket PC 2003 (ARMV4).Deploy.0 = Debug|Pocket PC 2003 (ARMV4)
		{899F983F-F9BB-432D-8A83-4F719BB7B4D8}.Debug|Smartphone 2003 (ARMV4).ActiveCfg = Debug|Smartphone 2003 (ARMV4)
		{899F983F-F9BB-432D-8A83-4F719BB7B4D8}.Debug|Smartphone 2003 (ARMV4).Build.0 = Debug|Smartphone 2003 (ARMV4)
		{899F983F-F9BB-432D-8A83-4F719BB7B4D8}.Debug|Smartphone 2003 (ARMV4).Deploy.0 = Debug|Smartphone 2003 (ARMV4)
		{899F983F-F9BB-432D-8A83-4F719BB7B4D8}.Debug|STANDARDSDK_420 (ARMV4I).ActiveCfg = Debug|STANDARDSDK_420 (ARMV4I)
		{899F983F-F9BB-432D-8A83-4F719BB7B4D8}.Debug|STANDARDSDK_420 (ARMV4I).Build.0 = Debug|STANDARDSDK_420 (ARMV4I)
		{899F983F-F9BB-432D-8A83-4F719BB7B4D8}.Debug|STANDARDSDK_420 (ARMV4I).Deploy.0 = Debug|STANDARDSDK_420 (ARMV4I)
		{899F983F-F9BB-432D-8A83-4F719BB7B4D8}.Debug|STANDARDSDK_500 (ARMV4I).ActiveCfg = Debug|STANDARDSDK_500 (ARMV4I)
		{899F983F-F9BB-432D-8A83-4F719BB7B4D8}.Debug|STANDARDSDK_500 (ARMV4I).Build.0 = Debug|STANDARDSDK_500 (ARMV4I)
		{899F983F-F9BB-432D-8A83-4F719BB7B4D8}.Debug|STANDARDSDK_500 (ARMV4I).Deploy.0 = Debug|STANDARDSDK_500 (ARMV4I)
		{899F983F-F9BB-432D-8A83-4F719BB7B4D8}.Debug|Windows Mobile 5.0 Pocket PC SDK (ARMV4I).ActiveCfg = Debug|Windows Mobile 5.0 Pocket PC SDK (ARMV4I)
		{899F983F-F9BB-432D-8A83-4F719BB7B4D8}.Debug|Windows Mobile 5.0 Pocket PC SDK (ARMV4I).Build.0 = Debug|Windows Mobile 5.0 Pocket PC SDK (ARMV4I)
		{899F983F-F9BB-432D-8A83-4F719BB7B4D8}.Debug|Windows Mobile 5.0 Pocket PC SDK (ARMV4I).Deploy.0 = Debug|Windows Mobile 5.0 Pocket PC SDK (ARMV4I)
		{899F983F-F9BB-432D-8A83-4F719BB7B4D8}.Debug|Windows Mobile 5.0 Smartphone SDK (ARMV4I).ActiveCfg = Debug|Windows Mobile 5.0 Smartphone SDK (ARMV4I)
		{899F983F-F9BB-432D-8A83-4F719BB7B4D8}.Debug|Windows Mobile 5.0 Smartphone SDK (ARMV4I).Build.0 = Debug|Windows Mobile 5.0 Smartphone SDK (ARMV4I)
		{899F983F-F9BB-432D-8A83-4F719BB7B4D8}.Debug|Windows Mobile 5.0 Smartphone SDK (ARMV4I).Deploy.0 = Debug|Windows Mobile 5.0 Smartphone SDK (ARMV4I)
		{899F983F-F9BB-432D-8A83-4F719BB7B4D8}.Debug|Windows Mobile 6 Professional SDK (ARMV4I).ActiveCfg = Debug|Windows Mobile 6 Professional SDK (ARMV4I)
		{899F983F-F9BB-432D-8A83-4F719BB7B4D8}.Debug|Windows Mobile 6 Professional SDK (ARMV4I).Build.0 = Debug|Windows Mobile 6 Professional SDK (ARMV4I)
		{899F983F-F9BB-432D-8A83-4F719BB7B4D8}.Debug|Windows Mobile 6 Professional SDK (ARMV4I).Deploy.0 = Debug|Windows Mobile 6 Professional SDK (ARMV4I)
		{899F983F-F9BB-432D-8A83-4F719BB7B4D8}.Debug|Windows Mobile 6 Standard SDK (ARMV4I).ActiveCfg = Debug|Windows Mobile 6 Standard SDK (ARMV4I)
		{899F983F-F9BB-432D-8A83-4F719BB7B4D8}.Debug|Windows Mobile 6 Standard SDK (ARMV4I).Build.0 = Debug|Windows Mobile 6 Standard SDK (ARMV4I)
		{899F983F-F9BB-432D-8A83-4F719BB7B4D8}.Debug|Windows Mobile 6 Standard SDK (ARMV4I).Deploy.0 = Debug|Windows Mobile 6 Standard SDK (ARMV4I)
		{899F983F-F9BB-432D-8A83-4F719BB7B4D8}.Debug|Windows Mobile 6.5.3 Professional DTK (ARMV4I).ActiveCfg = Debug|Windows Mobile 6.5.3 Professional DTK (ARMV4I)
		{899F983F-F9BB-432D-8A83-4F719BB7B4D8}.Debug|Windows Mobile 6.5.3 Professional DTK (ARMV4I).Build.0 = Debug|Windows Mobile 6.5.3 Professional DTK (ARMV4I)
		{899F983F-F9BB-432D-8A83-4F719BB7B4D8}.Debug|Windows Mobile 6.5.3 Professional DTK (ARMV4I).Deploy.0 = Debug|Windows Mobile 6.5.3 Professional DTK (ARMV4I)
		{899F983F-F9BB-432D-8A83-4F719BB7B4D8}.Release|iCE-Premium (ARMV4I).ActiveCfg = Release|iCE-Premium (ARMV4I)
		{899F983F-F9BB-432D-8A83-4F719BB7B4D8}.Release|iCE-Premium (ARMV4I).Build.0 = Release|iCE-Premium (ARMV4I)
		{899F983F-F9BB-432D-8A83-4F719BB7B4D8}.Release|iCE-Premium (ARMV4I).Deploy.0 = Release|iCE-Premium (ARMV4I)
		{899F983F-F9BB-432D-8A83-4F719BB7B4D8}.Release|Pocket PC 2003 (ARMV4).ActiveCfg = Release|Pocket PC 2003 (ARMV4)
		{899F983F-F9BB-432D-8A83-4F719BB7B4D8}.Release|Pocket PC 2003 (ARMV4).Build.0 = Release|Pocket PC 2003 (ARMV4)
		{899F983F-F9BB-432D-8A83-4F719BB7B4D8}.Release|Pocket PC 2003 (ARMV4).Deploy.0 = Release|Pocket PC 2003 (ARMV4)
		{899F983F-F9BB-432D-8A83-4F719BB7B4D8}.Release|Smartphone 2003 (ARMV4).ActiveCfg = Release|Smartphone 2003 (ARMV4)
		{899F983F-F9BB-432D-8A83-4F719BB7B4D8}.Release|Smartphone 2003 (ARMV4).Build.0 = Release|Smartphone 2003 (ARMV4)
		{899F983F-F9BB-432D-8A83-4F719BB7B4D8}.Release|Smartphone 2003 (ARMV4).Deploy.0 = Release|Smartphone 2003 (ARMV4)
		{899F983F-F9BB-432D-8A83-4F719BB7B4D8}.Release|STANDARDSDK_420 (ARMV4I).ActiveCfg = Release|STANDARDSDK_420 (ARMV4I)
		{899F983F-F9BB-432D-8A83-4F719BB7B4D8}.Release|STANDARDSDK_420 (ARMV4I).Build.0 = Release|STANDARDSDK_420 (ARMV4I)
		{899F983F-F9BB-432D-8A83-4F719BB7B4D8}.Release|STANDARDSDK_420 (ARMV4I).Deploy.0 = Release|STANDARDSDK_420 (ARMV4I)
		{899F983F-F9BB-432D-8A83-4F719BB7B4D8}.Release|STANDARDSDK_500 (ARMV4I).ActiveCfg = Release|STANDARDSDK_500 (ARMV4I)
		{899F983F-F9BB-432D-8A83-4F719BB7B4D8}.Release|STANDARDSDK_500 (ARMV4I).Build.0 = Release|STANDARDSDK_500 (ARMV4I)
		{899F983F-F9BB-432D-8A83-4F719BB7B4D8}.Release|STANDARDSDK_500 (ARMV4I).Deploy.0 = Release|STANDARDSDK_500 (ARMV4I)
		{899F983F-F9BB-432D-8A83-4F719BB7B4D8}.Release|Windows Mobile 5.0 Pocket PC SDK (ARMV4I).ActiveCfg = Release|Windows Mobile 5.0 Pocket PC SDK (ARMV4I)
		{899F983F-F9BB-432D-8A83-4F719BB7B4D8}.Release|Windows Mobile 5.0 Pocket PC SDK (ARMV4I).Build.0 = Release|Windows Mobile 5.0 Pocket PC SDK (ARMV4I)
		{899F983F-F9BB-432D-8A83-4F719BB7B4D8}.Release|Windows Mobile 5.0 Pocket PC SDK (ARMV4I).Deploy.0 = Release|Windows Mobile 5.0 Pocket PC SDK (ARMV4I)
		{899F983F-F9BB-432D-8A83-4F719BB7B4D8}.Release|Windows Mobile 5.0 Smartphone SDK (ARMV4I).ActiveCfg = Release|Windows Mobile 5.0 Smartphone SDK (ARMV4I)
		{899F983F-F9BB-432D-8A83-4F719BB7B4D8}.Release|Windows Mobile 5.0 Smartphone SDK (ARMV4I).Build.0 = Release|Windows Mobile 5.0 Smartphone SDK (ARMV4I)
		{899F983F-F9BB-432D-8A83-4F719BB7B4D8}.Release|Windows Mobile 5.0 Smartphone SDK (ARMV4I).Deploy.0 = Release|Windows Mobile 5.0 Smartphone SDK (ARMV4I)
		{899F983F-F9BB-432D-8A83-4F719BB7B4D8}.Release|Windows Mobile 6 Professional SDK (ARMV4I).ActiveCfg = Release|Windows Mobile 6 Professional SDK (ARMV4I)
		{899F983F-F9BB-432D-8A83-4F719BB7B4D8}.Release|Windows Mobile 6 Professional SDK (ARMV4I).Build.0 = Release|Windows Mobile 6 Professional SDK (ARMV4I)
		{899F983F-F9BB-432D-8A83-4F719BB7B4D8}.Release|Windows Mobile 6 Professional SDK (ARMV4I).Deploy.0 = Release|Windows Mobile 6 Professional SDK (ARMV4I)
		{899F983F-F9BB-432D-8A83-4F719BB7B4D8}.Release|Windows Mobile 6 Standard SDK (ARMV4I).ActiveCfg = Release|Windows Mobile 6 Standard SDK (ARMV4I)
		{899F983F-F9BB-432D-8A83-4F719BB7B4D8}.Release|Windows Mobile 6 Standard SDK (ARMV4I).Build.0 = Release|Windows Mobile 6 Standard SDK (ARMV4I)
		{899F983F-F9BB-432D-8A83-4F719BB7B4D8}.Release|Windows Mobile 6 Standard SDK (ARMV4I).Deploy.0 = Release|Windows Mobile 6 Standard SDK (ARMV4I)
		{899F983F-F9BB-432D-8A83-4F719BB7B4D8}.Release|Windows Mobile 6.5.3 Professional DTK (ARMV4I).ActiveCfg = Release|Windows Mobile 6.5.3 Professional DTK (ARMV4I)
		{899F983F-F9BB-432D-8A83-4F719BB7B4D8}.Release|Windows Mobile 6.5.3 Professional DTK (ARMV4I).Build.0 = Release|Windows Mobile 6.5.3 Professional DTK (ARMV4I)
		{899F983F-F9BB-432D-8A83-4F719BB7B4D8}.Release|Windows Mobile 6.5.3 Professional DTK (ARMV4I).Deploy.0 = Release|Windows Mobile 6.5.3 Professional DTK (ARMV4I)
		{BAA65078-57F0-4D9D-97A3-3473CEC2D6EB}.Debug|iCE-Premium (ARMV4I).ActiveCfg = Debug|Windows Mobile 5.0 Pocket PC SDK (ARMV4I)
		{BAA65078-57F0-4D9D-97A3-3473CEC2D6EB}.Debug|Pocket PC 2003 (ARMV4).ActiveCfg = Debug|Windows Mobile 5.0 Pocket PC SDK (ARMV4I)
		{BAA65078-57F0-4D9D-97A3-3473CEC2D6EB}.Debug|Smartphone 2003 (ARMV4).ActiveCfg = Debug|Windows Mobile 5.0 Pocket PC SDK (ARMV4I)
		{BAA65078-57F0-4D9D-97A3-3473CEC2D6EB}.Debug|STANDARDSDK_420 (ARMV4I).ActiveCfg = Debug|Windows Mobile 5.0 Pocket PC SDK (ARMV4I)
		{BAA65078-57F0-4D9D-97A3-3473CEC2D6EB}.Debug|STANDARDSDK_500 (ARMV4I).ActiveCfg = Debug|Windows Mobile 5.0 Pocket PC SDK (ARMV4I)
		{BAA65078-57F0-4D9D-97A3-3473CEC2D6EB}.Debug|Windows Mobile 5.0 Pocket PC SDK (ARMV4I).ActiveCfg = Debug|Windows Mobile 5.0 Pocket PC SDK (ARMV4I)
		{BAA65078-57F0-4D9D-97A3-3473CEC2D6EB}.Debug|Windows Mobile 5.0 Pocket PC SDK (ARMV4I).Build.0 = Debug|Windows Mobile 5.0 Pocket PC SDK (ARMV4I)
		{BAA65078-57F0-4D9D-97A3-3473CEC2D6EB}.Debug|Windows Mobile 5.0 Pocket PC SDK (ARMV4I).Deploy.0 = Debug|Windows Mobile 5.0 Pocket PC SDK (ARMV4I)
		{BAA65078-57F0-4D9D-97A3-3473CEC2D6EB}.Debug|Windows Mobile 5.0 Smartphone SDK (ARMV4I).ActiveCfg = Debug|Windows Mobile 5.0 Pocket PC SDK (ARMV4I)
		{BAA65078-57F0-4D9D-97A3-3473CEC2D6EB}.Debug|Windows Mobile 6 Professional SDK (ARMV4I).ActiveCfg = Debug|Windows Mobile 5.0 Pocket PC SDK (ARMV4I)
		{BAA65078-57F0-4D9D-97A3-3473CEC2D6EB}.Debug|Windows Mobile 6 Standard SDK (ARMV4I).ActiveCfg = Debug|Windows Mobile 5.0 Pocket PC SDK (ARMV4I)
		{BAA65078-57F0-4D9D-97A3-3473CEC2D6EB}.Debug|Windows Mobile 6.5.3 Professional DTK (ARMV4I).ActiveCfg = Debug|Windows Mobile 5.0 Pocket PC SDK (ARMV4I)
		{BAA65078-57F0-4D9D-97A3-3473CEC2D6EB}.Release|iCE-Premium (ARMV4I).ActiveCfg = Release|Windows Mobile 5.0 Pocket PC SDK (ARMV4I)
		{BAA65078-57F0-4D9D-97A3-3473CEC2D6EB}.Release|Pocket PC 2003 (ARMV4).ActiveCfg = Release|Windows Mobile 5.0 Pocket PC SDK (ARMV4I)
		{BAA65078-57F0-4D9D-97A3-3473CEC2D6EB}.Release|Smartphone 2003 (ARMV4).ActiveCfg = Release|Windows Mobile 5.0 Pocket PC SDK (ARMV4I)
		{BAA65078-57F0-4D9D-97A3-3473CEC2D6EB}.Release|STANDARDSDK_420 (ARMV4I).ActiveCfg = Release|Windows Mobile 5.0 Pocket PC SDK (ARMV4I)
		{BAA65078-57F0-4D9D-97A3-3473CEC2D6EB}.Release|STANDARDSDK_500 (ARMV4I).ActiveCfg = Release|Windows Mobile 5.0 Pocket PC SDK (ARMV4I)
		{BAA65078-57F0-4D9D-97A3-3473CEC2D6EB}.Release|Windows Mobile 5.0 Pocket PC SDK (ARMV4I).ActiveCfg = Release|Windows Mobile 5.0 Pocket PC SDK (ARMV4I)
		{BAA65078-57F0-4D9D-97A3-3473CEC2D6EB}.Release|Windows Mobile 5.0 Pocket PC SDK (ARMV4I).Build.0 = Release|Windows Mobile 5.0 Pocket PC SDK (ARMV4I)
		{BAA65078-57F0-4D9D-97A3-3473CEC2D6EB}.Release|Windows Mobile 5.0 Pocket PC SDK (ARMV4I).Deploy.0 = Release|Windows Mobile 5.0 Pocket PC SDK (ARMV4I)
		{BAA65078-57F0-4D9D-97A3-3473CEC2D6EB}.Release|Windows Mobile 5.0 Smartphone SDK (ARMV4I).ActiveCfg = Release|Windows Mobile 5.0 Pocket PC SDK (ARMV4I)
		{BAA65078-57F0-4D9D-97A3-3473CEC2D6EB}.Release|Windows Mobile 6 Professional SDK (ARMV4I).ActiveCfg = Release|Windows Mobile 5.0 Pocket PC SDK (ARMV4I)
		{BAA65078-57F0-4D9D-97A3-3473CEC2D6EB}.Release|Windows Mobile 6 Standard SDK (ARMV4I).ActiveCfg = Release|Windows Mobile 5.0 Pocket PC SDK (ARMV4I)
		{BAA65078-57F0-4D9D-97A3-3473CEC2D6EB}.Release|Windows Mobile 6.5.3 Professional DTK (ARMV4I).ActiveCfg = Release|Windows Mobile 5.0 Pocket PC SDK (ARMV4I)
	EndGlobalSection
	GlobalSection(SolutionProperties) = preSolution
		HideSolutionNode = FALSE
	EndGlobalSection
EndGlobal
