
Microsoft Visual Studio Solution File, Format Version 10.00
# Visual Studio 2008
Project("{FAE04EC0-301F-11D3-BF4B-00C04F79EFBC}") = "StartLockTestCS", "StartLockTestCS.csproj", "{93387BA9-56DE-4AE2-B89B-F0D7A406D014}"
	ProjectSection(ProjectDependencies) = postProject
		{1CA89C26-7B3E-42ED-A28A-27F02F6CCF85} = {1CA89C26-7B3E-42ED-A28A-27F02F6CCF85}
	EndProjectSection
EndProject
Project("{8BC9CEB8-8B4A-11D0-8D11-00A0C91BC942}") = "StartLock", "..\StartLock\StartLock.vcproj", "{1CA89C26-7B3E-42ED-A28A-27F02F6CCF85}"
EndProject
Global
	GlobalSection(SolutionConfigurationPlatforms) = preSolution
		Debug|Any CPU = Debug|Any CPU
		Debug|iCE-Premium (ARMV4I) = Debug|iCE-Premium (ARMV4I)
		Debug|Mixed Platforms = Debug|Mixed Platforms
		Debug|Pocket PC 2003 (ARMV4) = Debug|Pocket PC 2003 (ARMV4)
		Debug|Smartphone 2003 (ARMV4) = Debug|Smartphone 2003 (ARMV4)
		Debug|STANDARDSDK_420 (ARMV4I) = Debug|STANDARDSDK_420 (ARMV4I)
		Debug|STANDARDSDK_500 (ARMV4I) = Debug|STANDARDSDK_500 (ARMV4I)
		Debug|Windows Mobile 5.0 Pocket PC SDK (ARMV4I) = Debug|Windows Mobile 5.0 Pocket PC SDK (ARMV4I)
		Debug|Windows Mobile 5.0 Smartphone SDK (ARMV4I) = Debug|Windows Mobile 5.0 Smartphone SDK (ARMV4I)
		Debug|Windows Mobile 6 Professional SDK (ARMV4I) = Debug|Windows Mobile 6 Professional SDK (ARMV4I)
		Debug|Windows Mobile 6 Standard SDK (ARMV4I) = Debug|Windows Mobile 6 Standard SDK (ARMV4I)
		Debug|Windows Mobile 6.5.3 Professional DTK (ARMV4I) = Debug|Windows Mobile 6.5.3 Professional DTK (ARMV4I)
		Release|Any CPU = Release|Any CPU
		Release|iCE-Premium (ARMV4I) = Release|iCE-Premium (ARMV4I)
		Release|Mixed Platforms = Release|Mixed Platforms
		Release|Pocket PC 2003 (ARMV4) = Release|Pocket PC 2003 (ARMV4)
		Release|Smartphone 2003 (ARMV4) = Release|Smartphone 2003 (ARMV4)
		Release|STANDARDSDK_420 (ARMV4I) = Release|STANDARDSDK_420 (ARMV4I)
		Release|STANDARDSDK_500 (ARMV4I) = Release|STANDARDSDK_500 (ARMV4I)
		Release|Windows Mobile 5.0 Pocket PC SDK (ARMV4I) = Release|Windows Mobile 5.0 Pocket PC SDK (ARMV4I)
		Release|Windows Mobile 5.0 Smartphone SDK (ARMV4I) = Release|Windows Mobile 5.0 Smartphone SDK (ARMV4I)
		Release|Windows Mobile 6 Professional SDK (ARMV4I) = Release|Windows Mobile 6 Professional SDK (ARMV4I)
		Release|Windows Mobile 6 Standard SDK (ARMV4I) = Release|Windows Mobile 6 Standard SDK (ARMV4I)
		Release|Windows Mobile 6.5.3 Professional DTK (ARMV4I) = Release|Windows Mobile 6.5.3 Professional DTK (ARMV4I)
	EndGlobalSection
	GlobalSection(ProjectConfigurationPlatforms) = postSolution
		{93387BA9-56DE-4AE2-B89B-F0D7A406D014}.Debug|Any CPU.ActiveCfg = Debug|Any CPU
		{93387BA9-56DE-4AE2-B89B-F0D7A406D014}.Debug|Any CPU.Build.0 = Debug|Any CPU
		{93387BA9-56DE-4AE2-B89B-F0D7A406D014}.Debug|Any CPU.Deploy.0 = Debug|Any CPU
		{93387BA9-56DE-4AE2-B89B-F0D7A406D014}.Debug|iCE-Premium (ARMV4I).ActiveCfg = Debug|Any CPU
		{93387BA9-56DE-4AE2-B89B-F0D7A406D014}.Debug|Mixed Platforms.ActiveCfg = Debug|Any CPU
		{93387BA9-56DE-4AE2-B89B-F0D7A406D014}.Debug|Mixed Platforms.Build.0 = Debug|Any CPU
		{93387BA9-56DE-4AE2-B89B-F0D7A406D014}.Debug|Mixed Platforms.Deploy.0 = Debug|Any CPU
		{93387BA9-56DE-4AE2-B89B-F0D7A406D014}.Debug|Pocket PC 2003 (ARMV4).ActiveCfg = Debug|Any CPU
		{93387BA9-56DE-4AE2-B89B-F0D7A406D014}.Debug|Smartphone 2003 (ARMV4).ActiveCfg = Debug|Any CPU
		{93387BA9-56DE-4AE2-B89B-F0D7A406D014}.Debug|STANDARDSDK_420 (ARMV4I).ActiveCfg = Debug|Any CPU
		{93387BA9-56DE-4AE2-B89B-F0D7A406D014}.Debug|STANDARDSDK_500 (ARMV4I).ActiveCfg = Debug|Any CPU
		{93387BA9-56DE-4AE2-B89B-F0D7A406D014}.Debug|Windows Mobile 5.0 Pocket PC SDK (ARMV4I).ActiveCfg = Debug|Any CPU
		{93387BA9-56DE-4AE2-B89B-F0D7A406D014}.Debug|Windows Mobile 5.0 Smartphone SDK (ARMV4I).ActiveCfg = Debug|Any CPU
		{93387BA9-56DE-4AE2-B89B-F0D7A406D014}.Debug|Windows Mobile 6 Professional SDK (ARMV4I).ActiveCfg = Debug|Any CPU
		{93387BA9-56DE-4AE2-B89B-F0D7A406D014}.Debug|Windows Mobile 6 Standard SDK (ARMV4I).ActiveCfg = Debug|Any CPU
		{93387BA9-56DE-4AE2-B89B-F0D7A406D014}.Debug|Windows Mobile 6.5.3 Professional DTK (ARMV4I).ActiveCfg = Debug|Any CPU
		{93387BA9-56DE-4AE2-B89B-F0D7A406D014}.Release|Any CPU.ActiveCfg = Release|Any CPU
		{93387BA9-56DE-4AE2-B89B-F0D7A406D014}.Release|Any CPU.Build.0 = Release|Any CPU
		{93387BA9-56DE-4AE2-B89B-F0D7A406D014}.Release|Any CPU.Deploy.0 = Release|Any CPU
		{93387BA9-56DE-4AE2-B89B-F0D7A406D014}.Release|iCE-Premium (ARMV4I).ActiveCfg = Release|Any CPU
		{93387BA9-56DE-4AE2-B89B-F0D7A406D014}.Release|Mixed Platforms.ActiveCfg = Release|Any CPU
		{93387BA9-56DE-4AE2-B89B-F0D7A406D014}.Release|Mixed Platforms.Build.0 = Release|Any CPU
		{93387BA9-56DE-4AE2-B89B-F0D7A406D014}.Release|Mixed Platforms.Deploy.0 = Release|Any CPU
		{93387BA9-56DE-4AE2-B89B-F0D7A406D014}.Release|Pocket PC 2003 (ARMV4).ActiveCfg = Release|Any CPU
		{93387BA9-56DE-4AE2-B89B-F0D7A406D014}.Release|Smartphone 2003 (ARMV4).ActiveCfg = Release|Any CPU
		{93387BA9-56DE-4AE2-B89B-F0D7A406D014}.Release|STANDARDSDK_420 (ARMV4I).ActiveCfg = Release|Any CPU
		{93387BA9-56DE-4AE2-B89B-F0D7A406D014}.Release|STANDARDSDK_500 (ARMV4I).ActiveCfg = Release|Any CPU
		{93387BA9-56DE-4AE2-B89B-F0D7A406D014}.Release|Windows Mobile 5.0 Pocket PC SDK (ARMV4I).ActiveCfg = Release|Any CPU
		{93387BA9-56DE-4AE2-B89B-F0D7A406D014}.Release|Windows Mobile 5.0 Smartphone SDK (ARMV4I).ActiveCfg = Release|Any CPU
		{93387BA9-56DE-4AE2-B89B-F0D7A406D014}.Release|Windows Mobile 6 Professional SDK (ARMV4I).ActiveCfg = Release|Any CPU
		{93387BA9-56DE-4AE2-B89B-F0D7A406D014}.Release|Windows Mobile 6 Standard SDK (ARMV4I).ActiveCfg = Release|Any CPU
		{93387BA9-56DE-4AE2-B89B-F0D7A406D014}.Release|Windows Mobile 6.5.3 Professional DTK (ARMV4I).ActiveCfg = Release|Any CPU
		{1CA89C26-7B3E-42ED-A28A-27F02F6CCF85}.Debug|Any CPU.ActiveCfg = Debug|Windows Mobile 5.0 Smartphone SDK (ARMV4I)
		{1CA89C26-7B3E-42ED-A28A-27F02F6CCF85}.Debug|iCE-Premium (ARMV4I).ActiveCfg = Debug|iCE-Premium (ARMV4I)
		{1CA89C26-7B3E-42ED-A28A-27F02F6CCF85}.Debug|iCE-Premium (ARMV4I).Build.0 = Debug|iCE-Premium (ARMV4I)
		{1CA89C26-7B3E-42ED-A28A-27F02F6CCF85}.Debug|iCE-Premium (ARMV4I).Deploy.0 = Debug|iCE-Premium (ARMV4I)
		{1CA89C26-7B3E-42ED-A28A-27F02F6CCF85}.Debug|Mixed Platforms.ActiveCfg = Debug|Windows Mobile 5.0 Pocket PC SDK (ARMV4I)
		{1CA89C26-7B3E-42ED-A28A-27F02F6CCF85}.Debug|Mixed Platforms.Build.0 = Debug|Windows Mobile 5.0 Pocket PC SDK (ARMV4I)
		{1CA89C26-7B3E-42ED-A28A-27F02F6CCF85}.Debug|Mixed Platforms.Deploy.0 = Debug|Windows Mobile 5.0 Pocket PC SDK (ARMV4I)
		{1CA89C26-7B3E-42ED-A28A-27F02F6CCF85}.Debug|Pocket PC 2003 (ARMV4).ActiveCfg = Debug|Pocket PC 2003 (ARMV4)
		{1CA89C26-7B3E-42ED-A28A-27F02F6CCF85}.Debug|Pocket PC 2003 (ARMV4).Build.0 = Debug|Pocket PC 2003 (ARMV4)
		{1CA89C26-7B3E-42ED-A28A-27F02F6CCF85}.Debug|Pocket PC 2003 (ARMV4).Deploy.0 = Debug|Pocket PC 2003 (ARMV4)
		{1CA89C26-7B3E-42ED-A28A-27F02F6CCF85}.Debug|Smartphone 2003 (ARMV4).ActiveCfg = Debug|Smartphone 2003 (ARMV4)
		{1CA89C26-7B3E-42ED-A28A-27F02F6CCF85}.Debug|Smartphone 2003 (ARMV4).Build.0 = Debug|Smartphone 2003 (ARMV4)
		{1CA89C26-7B3E-42ED-A28A-27F02F6CCF85}.Debug|Smartphone 2003 (ARMV4).Deploy.0 = Debug|Smartphone 2003 (ARMV4)
		{1CA89C26-7B3E-42ED-A28A-27F02F6CCF85}.Debug|STANDARDSDK_420 (ARMV4I).ActiveCfg = Debug|STANDARDSDK_420 (ARMV4I)
		{1CA89C26-7B3E-42ED-A28A-27F02F6CCF85}.Debug|STANDARDSDK_420 (ARMV4I).Build.0 = Debug|STANDARDSDK_420 (ARMV4I)
		{1CA89C26-7B3E-42ED-A28A-27F02F6CCF85}.Debug|STANDARDSDK_420 (ARMV4I).Deploy.0 = Debug|STANDARDSDK_420 (ARMV4I)
		{1CA89C26-7B3E-42ED-A28A-27F02F6CCF85}.Debug|STANDARDSDK_500 (ARMV4I).ActiveCfg = Debug|STANDARDSDK_500 (ARMV4I)
		{1CA89C26-7B3E-42ED-A28A-27F02F6CCF85}.Debug|STANDARDSDK_500 (ARMV4I).Build.0 = Debug|STANDARDSDK_500 (ARMV4I)
		{1CA89C26-7B3E-42ED-A28A-27F02F6CCF85}.Debug|STANDARDSDK_500 (ARMV4I).Deploy.0 = Debug|STANDARDSDK_500 (ARMV4I)
		{1CA89C26-7B3E-42ED-A28A-27F02F6CCF85}.Debug|Windows Mobile 5.0 Pocket PC SDK (ARMV4I).ActiveCfg = Debug|Windows Mobile 5.0 Pocket PC SDK (ARMV4I)
		{1CA89C26-7B3E-42ED-A28A-27F02F6CCF85}.Debug|Windows Mobile 5.0 Pocket PC SDK (ARMV4I).Build.0 = Debug|Windows Mobile 5.0 Pocket PC SDK (ARMV4I)
		{1CA89C26-7B3E-42ED-A28A-27F02F6CCF85}.Debug|Windows Mobile 5.0 Pocket PC SDK (ARMV4I).Deploy.0 = Debug|Windows Mobile 5.0 Pocket PC SDK (ARMV4I)
		{1CA89C26-7B3E-42ED-A28A-27F02F6CCF85}.Debug|Windows Mobile 5.0 Smartphone SDK (ARMV4I).ActiveCfg = Debug|Windows Mobile 5.0 Smartphone SDK (ARMV4I)
		{1CA89C26-7B3E-42ED-A28A-27F02F6CCF85}.Debug|Windows Mobile 5.0 Smartphone SDK (ARMV4I).Build.0 = Debug|Windows Mobile 5.0 Smartphone SDK (ARMV4I)
		{1CA89C26-7B3E-42ED-A28A-27F02F6CCF85}.Debug|Windows Mobile 5.0 Smartphone SDK (ARMV4I).Deploy.0 = Debug|Windows Mobile 5.0 Smartphone SDK (ARMV4I)
		{1CA89C26-7B3E-42ED-A28A-27F02F6CCF85}.Debug|Windows Mobile 6 Professional SDK (ARMV4I).ActiveCfg = Debug|Windows Mobile 6 Professional SDK (ARMV4I)
		{1CA89C26-7B3E-42ED-A28A-27F02F6CCF85}.Debug|Windows Mobile 6 Professional SDK (ARMV4I).Build.0 = Debug|Windows Mobile 6 Professional SDK (ARMV4I)
		{1CA89C26-7B3E-42ED-A28A-27F02F6CCF85}.Debug|Windows Mobile 6 Professional SDK (ARMV4I).Deploy.0 = Debug|Windows Mobile 6 Professional SDK (ARMV4I)
		{1CA89C26-7B3E-42ED-A28A-27F02F6CCF85}.Debug|Windows Mobile 6 Standard SDK (ARMV4I).ActiveCfg = Debug|Windows Mobile 6 Standard SDK (ARMV4I)
		{1CA89C26-7B3E-42ED-A28A-27F02F6CCF85}.Debug|Windows Mobile 6 Standard SDK (ARMV4I).Build.0 = Debug|Windows Mobile 6 Standard SDK (ARMV4I)
		{1CA89C26-7B3E-42ED-A28A-27F02F6CCF85}.Debug|Windows Mobile 6 Standard SDK (ARMV4I).Deploy.0 = Debug|Windows Mobile 6 Standard SDK (ARMV4I)
		{1CA89C26-7B3E-42ED-A28A-27F02F6CCF85}.Debug|Windows Mobile 6.5.3 Professional DTK (ARMV4I).ActiveCfg = Debug|Windows Mobile 6.5.3 Professional DTK (ARMV4I)
		{1CA89C26-7B3E-42ED-A28A-27F02F6CCF85}.Debug|Windows Mobile 6.5.3 Professional DTK (ARMV4I).Build.0 = Debug|Windows Mobile 6.5.3 Professional DTK (ARMV4I)
		{1CA89C26-7B3E-42ED-A28A-27F02F6CCF85}.Debug|Windows Mobile 6.5.3 Professional DTK (ARMV4I).Deploy.0 = Debug|Windows Mobile 6.5.3 Professional DTK (ARMV4I)
		{1CA89C26-7B3E-42ED-A28A-27F02F6CCF85}.Release|Any CPU.ActiveCfg = Release|Windows Mobile 5.0 Smartphone SDK (ARMV4I)
		{1CA89C26-7B3E-42ED-A28A-27F02F6CCF85}.Release|iCE-Premium (ARMV4I).ActiveCfg = Release|iCE-Premium (ARMV4I)
		{1CA89C26-7B3E-42ED-A28A-27F02F6CCF85}.Release|iCE-Premium (ARMV4I).Build.0 = Release|iCE-Premium (ARMV4I)
		{1CA89C26-7B3E-42ED-A28A-27F02F6CCF85}.Release|iCE-Premium (ARMV4I).Deploy.0 = Release|iCE-Premium (ARMV4I)
		{1CA89C26-7B3E-42ED-A28A-27F02F6CCF85}.Release|Mixed Platforms.ActiveCfg = Release|Windows Mobile 5.0 Pocket PC SDK (ARMV4I)
		{1CA89C26-7B3E-42ED-A28A-27F02F6CCF85}.Release|Mixed Platforms.Build.0 = Release|Windows Mobile 5.0 Pocket PC SDK (ARMV4I)
		{1CA89C26-7B3E-42ED-A28A-27F02F6CCF85}.Release|Mixed Platforms.Deploy.0 = Release|Windows Mobile 5.0 Pocket PC SDK (ARMV4I)
		{1CA89C26-7B3E-42ED-A28A-27F02F6CCF85}.Release|Pocket PC 2003 (ARMV4).ActiveCfg = Release|Pocket PC 2003 (ARMV4)
		{1CA89C26-7B3E-42ED-A28A-27F02F6CCF85}.Release|Pocket PC 2003 (ARMV4).Build.0 = Release|Pocket PC 2003 (ARMV4)
		{1CA89C26-7B3E-42ED-A28A-27F02F6CCF85}.Release|Pocket PC 2003 (ARMV4).Deploy.0 = Release|Pocket PC 2003 (ARMV4)
		{1CA89C26-7B3E-42ED-A28A-27F02F6CCF85}.Release|Smartphone 2003 (ARMV4).ActiveCfg = Release|Smartphone 2003 (ARMV4)
		{1CA89C26-7B3E-42ED-A28A-27F02F6CCF85}.Release|Smartphone 2003 (ARMV4).Build.0 = Release|Smartphone 2003 (ARMV4)
		{1CA89C26-7B3E-42ED-A28A-27F02F6CCF85}.Release|Smartphone 2003 (ARMV4).Deploy.0 = Release|Smartphone 2003 (ARMV4)
		{1CA89C26-7B3E-42ED-A28A-27F02F6CCF85}.Release|STANDARDSDK_420 (ARMV4I).ActiveCfg = Release|STANDARDSDK_420 (ARMV4I)
		{1CA89C26-7B3E-42ED-A28A-27F02F6CCF85}.Release|STANDARDSDK_420 (ARMV4I).Build.0 = Release|STANDARDSDK_420 (ARMV4I)
		{1CA89C26-7B3E-42ED-A28A-27F02F6CCF85}.Release|STANDARDSDK_420 (ARMV4I).Deploy.0 = Release|STANDARDSDK_420 (ARMV4I)
		{1CA89C26-7B3E-42ED-A28A-27F02F6CCF85}.Release|STANDARDSDK_500 (ARMV4I).ActiveCfg = Release|STANDARDSDK_500 (ARMV4I)
		{1CA89C26-7B3E-42ED-A28A-27F02F6CCF85}.Release|STANDARDSDK_500 (ARMV4I).Build.0 = Release|STANDARDSDK_500 (ARMV4I)
		{1CA89C26-7B3E-42ED-A28A-27F02F6CCF85}.Release|STANDARDSDK_500 (ARMV4I).Deploy.0 = Release|STANDARDSDK_500 (ARMV4I)
		{1CA89C26-7B3E-42ED-A28A-27F02F6CCF85}.Release|Windows Mobile 5.0 Pocket PC SDK (ARMV4I).ActiveCfg = Release|Windows Mobile 5.0 Pocket PC SDK (ARMV4I)
		{1CA89C26-7B3E-42ED-A28A-27F02F6CCF85}.Release|Windows Mobile 5.0 Pocket PC SDK (ARMV4I).Build.0 = Release|Windows Mobile 5.0 Pocket PC SDK (ARMV4I)
		{1CA89C26-7B3E-42ED-A28A-27F02F6CCF85}.Release|Windows Mobile 5.0 Pocket PC SDK (ARMV4I).Deploy.0 = Release|Windows Mobile 5.0 Pocket PC SDK (ARMV4I)
		{1CA89C26-7B3E-42ED-A28A-27F02F6CCF85}.Release|Windows Mobile 5.0 Smartphone SDK (ARMV4I).ActiveCfg = Release|Windows Mobile 5.0 Smartphone SDK (ARMV4I)
		{1CA89C26-7B3E-42ED-A28A-27F02F6CCF85}.Release|Windows Mobile 5.0 Smartphone SDK (ARMV4I).Build.0 = Release|Windows Mobile 5.0 Smartphone SDK (ARMV4I)
		{1CA89C26-7B3E-42ED-A28A-27F02F6CCF85}.Release|Windows Mobile 5.0 Smartphone SDK (ARMV4I).Deploy.0 = Release|Windows Mobile 5.0 Smartphone SDK (ARMV4I)
		{1CA89C26-7B3E-42ED-A28A-27F02F6CCF85}.Release|Windows Mobile 6 Professional SDK (ARMV4I).ActiveCfg = Release|Windows Mobile 6 Professional SDK (ARMV4I)
		{1CA89C26-7B3E-42ED-A28A-27F02F6CCF85}.Release|Windows Mobile 6 Professional SDK (ARMV4I).Build.0 = Release|Windows Mobile 6 Professional SDK (ARMV4I)
		{1CA89C26-7B3E-42ED-A28A-27F02F6CCF85}.Release|Windows Mobile 6 Professional SDK (ARMV4I).Deploy.0 = Release|Windows Mobile 6 Professional SDK (ARMV4I)
		{1CA89C26-7B3E-42ED-A28A-27F02F6CCF85}.Release|Windows Mobile 6 Standard SDK (ARMV4I).ActiveCfg = Release|Windows Mobile 6 Standard SDK (ARMV4I)
		{1CA89C26-7B3E-42ED-A28A-27F02F6CCF85}.Release|Windows Mobile 6 Standard SDK (ARMV4I).Build.0 = Release|Windows Mobile 6 Standard SDK (ARMV4I)
		{1CA89C26-7B3E-42ED-A28A-27F02F6CCF85}.Release|Windows Mobile 6 Standard SDK (ARMV4I).Deploy.0 = Release|Windows Mobile 6 Standard SDK (ARMV4I)
		{1CA89C26-7B3E-42ED-A28A-27F02F6CCF85}.Release|Windows Mobile 6.5.3 Professional DTK (ARMV4I).ActiveCfg = Release|Windows Mobile 6.5.3 Professional DTK (ARMV4I)
		{1CA89C26-7B3E-42ED-A28A-27F02F6CCF85}.Release|Windows Mobile 6.5.3 Professional DTK (ARMV4I).Build.0 = Release|Windows Mobile 6.5.3 Professional DTK (ARMV4I)
		{1CA89C26-7B3E-42ED-A28A-27F02F6CCF85}.Release|Windows Mobile 6.5.3 Professional DTK (ARMV4I).Deploy.0 = Release|Windows Mobile 6.5.3 Professional DTK (ARMV4I)
	EndGlobalSection
	GlobalSection(SolutionProperties) = preSolution
		HideSolutionNode = FALSE
	EndGlobalSection
EndGlobal
