
Microsoft Visual Studio Solution File, Format Version 10.00
# Visual Studio 2008
Project("{FAE04EC0-301F-11D3-BF4B-00C04F79EFBC}") = "NotificationsList", "NotificationsList.csproj", "{09A016A6-F262-46BA-A6CD-C4410180B164}"
EndProject
Project("{FAE04EC0-301F-11D3-BF4B-00C04F79EFBC}") = "OpenNetCF_LargeTimer", "..\..\..\Temp\OpenNetCF_LargeTimer\OpenNetCF_LargeTimer.csproj", "{3390D4A0-5ABC-482E-B924-0AF40E92F39C}"
EndProject
Global
	GlobalSection(SolutionConfigurationPlatforms) = preSolution
		Debug|Any CPU = Debug|Any CPU
		Release|Any CPU = Release|Any CPU
	EndGlobalSection
	GlobalSection(ProjectConfigurationPlatforms) = postSolution
		{09A016A6-F262-46BA-A6CD-C4410180B164}.Debug|Any CPU.ActiveCfg = Debug|Any CPU
		{09A016A6-F262-46BA-A6CD-C4410180B164}.Debug|Any CPU.Build.0 = Debug|Any CPU
		{09A016A6-F262-46BA-A6CD-C4410180B164}.Debug|Any CPU.Deploy.0 = Debug|Any CPU
		{09A016A6-F262-46BA-A6CD-C4410180B164}.Release|Any CPU.ActiveCfg = Release|Any CPU
		{09A016A6-F262-46BA-A6CD-C4410180B164}.Release|Any CPU.Build.0 = Release|Any CPU
		{09A016A6-F262-46BA-A6CD-C4410180B164}.Release|Any CPU.Deploy.0 = Release|Any CPU
		{3390D4A0-5ABC-482E-B924-0AF40E92F39C}.Debug|Any CPU.ActiveCfg = Debug|Any CPU
		{3390D4A0-5ABC-482E-B924-0AF40E92F39C}.Debug|Any CPU.Build.0 = Debug|Any CPU
		{3390D4A0-5ABC-482E-B924-0AF40E92F39C}.Debug|Any CPU.Deploy.0 = Debug|Any CPU
		{3390D4A0-5ABC-482E-B924-0AF40E92F39C}.Release|Any CPU.ActiveCfg = Release|Any CPU
		{3390D4A0-5ABC-482E-B924-0AF40E92F39C}.Release|Any CPU.Build.0 = Release|Any CPU
		{3390D4A0-5ABC-482E-B924-0AF40E92F39C}.Release|Any CPU.Deploy.0 = Release|Any CPU
	EndGlobalSection
	GlobalSection(SolutionProperties) = preSolution
		HideSolutionNode = FALSE
	EndGlobalSection
EndGlobal
