
Microsoft Visual Studio Solution File, Format Version 10.00
# Visual Studio 2008
Project("{FAE04EC0-301F-11D3-BF4B-00C04F79EFBC}") = "CommAppCF", "CommAppCF.csproj", "{151322CC-139B-455B-8B84-1A21D3D81834}"
EndProject
Global
	GlobalSection(SolutionConfigurationPlatforms) = preSolution
		Debug|Any CPU = Debug|Any CPU
		Release|Any CPU = Release|Any CPU
	EndGlobalSection
	GlobalSection(ProjectConfigurationPlatforms) = postSolution
		{151322CC-139B-455B-8B84-1A21D3D81834}.Debug|Any CPU.ActiveCfg = Debug|Any CPU
		{151322CC-139B-455B-8B84-1A21D3D81834}.Debug|Any CPU.Build.0 = Debug|Any CPU
		{151322CC-139B-455B-8B84-1A21D3D81834}.Debug|Any CPU.Deploy.0 = Debug|Any CPU
		{151322CC-139B-455B-8B84-1A21D3D81834}.Release|Any CPU.ActiveCfg = Release|Any CPU
		{151322CC-139B-455B-8B84-1A21D3D81834}.Release|Any CPU.Build.0 = Release|Any CPU
		{151322CC-139B-455B-8B84-1A21D3D81834}.Release|Any CPU.Deploy.0 = Release|Any CPU
	EndGlobalSection
	GlobalSection(SolutionProperties) = preSolution
		HideSolutionNode = FALSE
	EndGlobalSection
EndGlobal
