
Microsoft Visual Studio Solution File, Format Version 10.00
# Visual Studio 2008
Project("{FAE04EC0-301F-11D3-BF4B-00C04F79EFBC}") = "MovableForm", "MovableForm\MovableForm.csproj", "{CBFF1208-7627-4902-BEDE-ADF54A285C97}"
EndProject
Project("{FAE04EC0-301F-11D3-BF4B-00C04F79EFBC}") = "MoveableFormCF2", "MoveableFormCF2\MoveableFormCF2.csproj", "{F6DAD591-222D-4271-8B7B-C61D613864CD}"
EndProject
Global
	GlobalSection(SubversionScc) = preSolution
		Svn-Managed = True
		Manager = AnkhSVN - Subversion Support for Visual Studio
	EndGlobalSection
	GlobalSection(SolutionConfigurationPlatforms) = preSolution
		Debug|Any CPU = Debug|Any CPU
		Release|Any CPU = Release|Any CPU
	EndGlobalSection
	GlobalSection(ProjectConfigurationPlatforms) = postSolution
		{CBFF1208-7627-4902-BEDE-ADF54A285C97}.Debug|Any CPU.ActiveCfg = Debug|Any CPU
		{CBFF1208-7627-4902-BEDE-ADF54A285C97}.Release|Any CPU.ActiveCfg = Release|Any CPU
		{CBFF1208-7627-4902-BEDE-ADF54A285C97}.Release|Any CPU.Build.0 = Release|Any CPU
		{CBFF1208-7627-4902-BEDE-ADF54A285C97}.Release|Any CPU.Deploy.0 = Release|Any CPU
		{F6DAD591-222D-4271-8B7B-C61D613864CD}.Debug|Any CPU.ActiveCfg = Debug|Any CPU
		{F6DAD591-222D-4271-8B7B-C61D613864CD}.Debug|Any CPU.Build.0 = Debug|Any CPU
		{F6DAD591-222D-4271-8B7B-C61D613864CD}.Debug|Any CPU.Deploy.0 = Debug|Any CPU
		{F6DAD591-222D-4271-8B7B-C61D613864CD}.Release|Any CPU.ActiveCfg = Release|Any CPU
		{F6DAD591-222D-4271-8B7B-C61D613864CD}.Release|Any CPU.Build.0 = Release|Any CPU
		{F6DAD591-222D-4271-8B7B-C61D613864CD}.Release|Any CPU.Deploy.0 = Release|Any CPU
	EndGlobalSection
	GlobalSection(SolutionProperties) = preSolution
		HideSolutionNode = FALSE
	EndGlobalSection
EndGlobal
